
Microsoft Visual Studio Solution File, Format Version 12.00
# Visual Studio Version 17
VisualStudioVersion = 17.4.33122.133
MinimumVisualStudioVersion = 10.0.40219.1
Project("{9A19103F-16F7-4668-BE54-9A1E7A4F7556}") = "TeklifVer.UI", "TeklifVer\TeklifVer.UI.csproj", "{3736CE96-4F9D-48C7-83BF-E4E090FD0E64}"
EndProject
Project("{9A19103F-16F7-4668-BE54-9A1E7A4F7556}") = "TeklifVer.DataAccess", "DataAccess\TeklifVer.DataAccess.csproj", "{16D4D356-1665-4070-9324-4FD6F05FFB0E}"
EndProject
Project("{9A19103F-16F7-4668-BE54-9A1E7A4F7556}") = "TeklifVer.Business", "Business\TeklifVer.Business.csproj", "{45F9B0E0-0CD6-434D-84F1-1DE3CD8BCA03}"
EndProject
Project("{9A19103F-16F7-4668-BE54-9A1E7A4F7556}") = "TeklifVer.Entities", "Entities\TeklifVer.Entities.csproj", "{BA066817-5EF7-4B7E-A489-1D10142FF37D}"
EndProject
Project("{9A19103F-16F7-4668-BE54-9A1E7A4F7556}") = "TeklifVer.Common", "TeklifVer.Common\TeklifVer.Common.csproj", "{10A2DE81-8116-444D-A127-6E2DE828B3F9}"
EndProject
Project("{9A19103F-16F7-4668-BE54-9A1E7A4F7556}") = "TeklifVer.Dto", "TeklifVer.Dto\TeklifVer.Dto.csproj", "{A87384E1-1D1B-44CB-B8C7-9DC42B295336}"
EndProject
Project("{FAE04EC0-301F-11D3-BF4B-00C04F79EFBC}") = "TeklifVer.Console", "TeklifVer.Console\TeklifVer.Console.csproj", "{3018EE81-9AAA-4F70-9E9C-1D4C709C6FD3}"
EndProject
Global
	GlobalSection(SolutionConfigurationPlatforms) = preSolution
		Debug|Any CPU = Debug|Any CPU
		Release|Any CPU = Release|Any CPU
	EndGlobalSection
	GlobalSection(ProjectConfigurationPlatforms) = postSolution
		{3736CE96-4F9D-48C7-83BF-E4E090FD0E64}.Debug|Any CPU.ActiveCfg = Debug|Any CPU
		{3736CE96-4F9D-48C7-83BF-E4E090FD0E64}.Debug|Any CPU.Build.0 = Debug|Any CPU
		{3736CE96-4F9D-48C7-83BF-E4E090FD0E64}.Release|Any CPU.ActiveCfg = Release|Any CPU
		{3736CE96-4F9D-48C7-83BF-E4E090FD0E64}.Release|Any CPU.Build.0 = Release|Any CPU
		{16D4D356-1665-4070-9324-4FD6F05FFB0E}.Debug|Any CPU.ActiveCfg = Debug|Any CPU
		{16D4D356-1665-4070-9324-4FD6F05FFB0E}.Debug|Any CPU.Build.0 = Debug|Any CPU
		{16D4D356-1665-4070-9324-4FD6F05FFB0E}.Release|Any CPU.ActiveCfg = Release|Any CPU
		{16D4D356-1665-4070-9324-4FD6F05FFB0E}.Release|Any CPU.Build.0 = Release|Any CPU
		{45F9B0E0-0CD6-434D-84F1-1DE3CD8BCA03}.Debug|Any CPU.ActiveCfg = Debug|Any CPU
		{45F9B0E0-0CD6-434D-84F1-1DE3CD8BCA03}.Debug|Any CPU.Build.0 = Debug|Any CPU
		{45F9B0E0-0CD6-434D-84F1-1DE3CD8BCA03}.Release|Any CPU.ActiveCfg = Release|Any CPU
		{45F9B0E0-0CD6-434D-84F1-1DE3CD8BCA03}.Release|Any CPU.Build.0 = Release|Any CPU
		{BA066817-5EF7-4B7E-A489-1D10142FF37D}.Debug|Any CPU.ActiveCfg = Debug|Any CPU
		{BA066817-5EF7-4B7E-A489-1D10142FF37D}.Debug|Any CPU.Build.0 = Debug|Any CPU
		{BA066817-5EF7-4B7E-A489-1D10142FF37D}.Release|Any CPU.ActiveCfg = Release|Any CPU
		{BA066817-5EF7-4B7E-A489-1D10142FF37D}.Release|Any CPU.Build.0 = Release|Any CPU
		{10A2DE81-8116-444D-A127-6E2DE828B3F9}.Debug|Any CPU.ActiveCfg = Debug|Any CPU
		{10A2DE81-8116-444D-A127-6E2DE828B3F9}.Debug|Any CPU.Build.0 = Debug|Any CPU
		{10A2DE81-8116-444D-A127-6E2DE828B3F9}.Release|Any CPU.ActiveCfg = Release|Any CPU
		{10A2DE81-8116-444D-A127-6E2DE828B3F9}.Release|Any CPU.Build.0 = Release|Any CPU
		{A87384E1-1D1B-44CB-B8C7-9DC42B295336}.Debug|Any CPU.ActiveCfg = Debug|Any CPU
		{A87384E1-1D1B-44CB-B8C7-9DC42B295336}.Debug|Any CPU.Build.0 = Debug|Any CPU
		{A87384E1-1D1B-44CB-B8C7-9DC42B295336}.Release|Any CPU.ActiveCfg = Release|Any CPU
		{A87384E1-1D1B-44CB-B8C7-9DC42B295336}.Release|Any CPU.Build.0 = Release|Any CPU
		{3018EE81-9AAA-4F70-9E9C-1D4C709C6FD3}.Debug|Any CPU.ActiveCfg = Debug|Any CPU
		{3018EE81-9AAA-4F70-9E9C-1D4C709C6FD3}.Debug|Any CPU.Build.0 = Debug|Any CPU
		{3018EE81-9AAA-4F70-9E9C-1D4C709C6FD3}.Release|Any CPU.ActiveCfg = Release|Any CPU
		{3018EE81-9AAA-4F70-9E9C-1D4C709C6FD3}.Release|Any CPU.Build.0 = Release|Any CPU
	EndGlobalSection
	GlobalSection(SolutionProperties) = preSolution
		HideSolutionNode = FALSE
	EndGlobalSection
	GlobalSection(ExtensibilityGlobals) = postSolution
		SolutionGuid = {55E9AD59-E0B2-43BF-9786-10CE710FE45F}
	EndGlobalSection
EndGlobal
